{
  "name": "etc",
  "version": "1.0.0",
  "lockfileVersion": 1,
  "requires": true,
  "dependencies": {
    "prando": {
      "version": "5.1.0",
      "resolved": "https://registry.npmjs.org/prando/-/prando-5.1.0.tgz",
      "integrity": "sha512-UkXcaSqEoMz2S5O/uhb9emINjP1qM9vClszDSPCIVhI7s696tVCNS5qbm5b7qSwMlpLS3rih4NHFZdPzwHTtSQ=="
    },
    "regal": {
      "version": "1.0.0",
      "resolved": "https://registry.npmjs.org/regal/-/regal-1.0.0.tgz",
      "integrity": "sha512-Xyy8/OfiA/w+ZdA+Wt7pjxow7dRQSmHcXMoWkdGS9Rh9lnBKcWGgjcYuDm4mapYRctbrdseeJyYGNFmq5yCsTw==",
      "requires": {
        "prando": "^5.0.0"
      }
    }
  }
}
